
Microsoft Visual Studio Solution File, Format Version 12.00
# Visual Studio 15
VisualStudioVersion = 15.0.28010.2048
MinimumVisualStudioVersion = 10.0.40219.1
Project("{FAE04EC0-301F-11D3-BF4B-00C04F79EFBC}") = "1", "hw4\1.csproj", "{01AAC167-09A5-4FCA-9E02-F7330C74CC36}"
EndProject
Project("{FAE04EC0-301F-11D3-BF4B-00C04F79EFBC}") = "3", "2\3.csproj", "{401EFF51-0F83-4963-97C6-0372151894FA}"
EndProject
Project("{FAE04EC0-301F-11D3-BF4B-00C04F79EFBC}") = "4", "4\4.csproj", "{BD2E7EB6-8F2F-4DA7-A0AE-438867CBCA71}"
EndProject
Global
	GlobalSection(SolutionConfigurationPlatforms) = preSolution
		Debug|Any CPU = Debug|Any CPU
		Release|Any CPU = Release|Any CPU
	EndGlobalSection
	GlobalSection(ProjectConfigurationPlatforms) = postSolution
		{01AAC167-09A5-4FCA-9E02-F7330C74CC36}.Debug|Any CPU.ActiveCfg = Debug|Any CPU
		{01AAC167-09A5-4FCA-9E02-F7330C74CC36}.Debug|Any CPU.Build.0 = Debug|Any CPU
		{01AAC167-09A5-4FCA-9E02-F7330C74CC36}.Release|Any CPU.ActiveCfg = Release|Any CPU
		{01AAC167-09A5-4FCA-9E02-F7330C74CC36}.Release|Any CPU.Build.0 = Release|Any CPU
		{401EFF51-0F83-4963-97C6-0372151894FA}.Debug|Any CPU.ActiveCfg = Debug|Any CPU
		{401EFF51-0F83-4963-97C6-0372151894FA}.Debug|Any CPU.Build.0 = Debug|Any CPU
		{401EFF51-0F83-4963-97C6-0372151894FA}.Release|Any CPU.ActiveCfg = Release|Any CPU
		{401EFF51-0F83-4963-97C6-0372151894FA}.Release|Any CPU.Build.0 = Release|Any CPU
		{BD2E7EB6-8F2F-4DA7-A0AE-438867CBCA71}.Debug|Any CPU.ActiveCfg = Debug|Any CPU
		{BD2E7EB6-8F2F-4DA7-A0AE-438867CBCA71}.Debug|Any CPU.Build.0 = Debug|Any CPU
		{BD2E7EB6-8F2F-4DA7-A0AE-438867CBCA71}.Release|Any CPU.ActiveCfg = Release|Any CPU
		{BD2E7EB6-8F2F-4DA7-A0AE-438867CBCA71}.Release|Any CPU.Build.0 = Release|Any CPU
	EndGlobalSection
	GlobalSection(SolutionProperties) = preSolution
		HideSolutionNode = FALSE
	EndGlobalSection
	GlobalSection(ExtensibilityGlobals) = postSolution
		SolutionGuid = {9452EEEB-BB0E-4DDC-BE72-CD2094508F23}
	EndGlobalSection
EndGlobal
